
Microsoft Visual Studio Solution File, Format Version 12.00
# Visual Studio Version 17
VisualStudioVersion = 17.14.36623.8 d17.14
MinimumVisualStudioVersion = 10.0.40219.1
Project("{FAE04EC0-301F-11D3-BF4B-00C04F79EFBC}") = "WWI.WebAPI", "WWI.WebAPI.csproj", "{B0C749E6-0C1A-4E8A-AA33-647B832BC128}"
EndProject
Global
	GlobalSection(SolutionConfigurationPlatforms) = preSolution
		Debug|Any CPU = Debug|Any CPU
		Release|Any CPU = Release|Any CPU
	EndGlobalSection
	GlobalSection(ProjectConfigurationPlatforms) = postSolution
		{B0C749E6-0C1A-4E8A-AA33-647B832BC128}.Debug|Any CPU.ActiveCfg = Debug|Any CPU
		{B0C749E6-0C1A-4E8A-AA33-647B832BC128}.Debug|Any CPU.Build.0 = Debug|Any CPU
		{B0C749E6-0C1A-4E8A-AA33-647B832BC128}.Release|Any CPU.ActiveCfg = Release|Any CPU
		{B0C749E6-0C1A-4E8A-AA33-647B832BC128}.Release|Any CPU.Build.0 = Release|Any CPU
	EndGlobalSection
	GlobalSection(SolutionProperties) = preSolution
		HideSolutionNode = FALSE
	EndGlobalSection
	GlobalSection(ExtensibilityGlobals) = postSolution
		SolutionGuid = {FFF3BD3E-4EE0-467A-B072-A1F83F65E095}
	EndGlobalSection
EndGlobal
